
Microsoft Visual Studio Solution File, Format Version 12.00
# Visual Studio Version 18
VisualStudioVersion = 18.1.11304.174 d18.0
MinimumVisualStudioVersion = 10.0.40219.1
Project("{9A19103F-16F7-4668-BE54-9A1E7A4F7556}") = "Hexa.NET.KittyUI", "Hexa.NET.KittyUI\Hexa.NET.KittyUI.csproj", "{81B48582-946A-4AAB-8BA8-79169582DFB7}"
EndProject
Project("{9A19103F-16F7-4668-BE54-9A1E7A4F7556}") = "Testing", "Testing\Testing.csproj", "{4EC717B0-4AC6-4FE3-AC80-F9406FE76CDB}"
EndProject
Project("{9A19103F-16F7-4668-BE54-9A1E7A4F7556}") = "Hexa.NET.KittyUI.Security", "Hexa.NET.KittyUI.Security\Hexa.NET.KittyUI.Security.csproj", "{DF4732B4-196C-46BF-9883-5D96818F8429}"
EndProject
Project("{9A19103F-16F7-4668-BE54-9A1E7A4F7556}") = "ExampleMinimal", "ExampleMinimal\ExampleMinimal.csproj", "{11AB700F-FFC9-4514-871C-9E2C3632DAE1}"
EndProject
Project("{9A19103F-16F7-4668-BE54-9A1E7A4F7556}") = "ExampleShell", "ExampleShell\ExampleShell.csproj", "{5D536EB5-A7FA-4258-92DC-0EE7BF4D62CB}"
EndProject
Project("{9A19103F-16F7-4668-BE54-9A1E7A4F7556}") = "ExampleAndroid", "ExampleAndroid\ExampleAndroid.csproj", "{A1CD5F0F-3E94-4ED7-82B1-445CA7C3B893}"
EndProject
Project("{9A19103F-16F7-4668-BE54-9A1E7A4F7556}") = "Example", "Example\Example.csproj", "{927FAA1A-EC1A-4296-B3FE-70EDD9CFC798}"
EndProject
Project("{FAE04EC0-301F-11D3-BF4B-00C04F79EFBC}") = "Hexa.NET.KittyUI.WebView", "Hexa.NET.KittyUI.WebView\Hexa.NET.KittyUI.WebView.csproj", "{15E26DE2-8B26-4F2D-AD16-DF92F3280A8C}"
EndProject
Project("{FAE04EC0-301F-11D3-BF4B-00C04F79EFBC}") = "ExampleWebView", "ExampleWebView\ExampleWebView.csproj", "{77E2DE74-B298-4927-8E48-4F0182ECE8EE}"
EndProject
Project("{FAE04EC0-301F-11D3-BF4B-00C04F79EFBC}") = "Hexa.NET.KittyUI.ImPlot", "Hexa.NET.KittyUI.ImPlot\Hexa.NET.KittyUI.ImPlot.csproj", "{2F8FEF6A-45BF-402D-852B-C1B957E90DFE}"
EndProject
Project("{FAE04EC0-301F-11D3-BF4B-00C04F79EFBC}") = "Hexa.NET.KittyUI.ImNodes", "Hexa.NET.KittyUI.ImNodes\Hexa.NET.KittyUI.ImNodes.csproj", "{AA56B185-E6F8-4A03-9C7F-C528C4D125BC}"
EndProject
Project("{FAE04EC0-301F-11D3-BF4B-00C04F79EFBC}") = "Hexa.NET.KittyUI.ImGuizmo", "Hexa.NET.KittyUI.ImGuizmo\Hexa.NET.KittyUI.ImGuizmo.csproj", "{9B34C5E4-2801-4562-8ABA-D6696286C4D7}"
EndProject
Project("{FAE04EC0-301F-11D3-BF4B-00C04F79EFBC}") = "Hexa.NET.KittyUI.OpenAL", "Hexa.NET.KittyUI.OpenAL\Hexa.NET.KittyUI.OpenAL.csproj", "{8519527B-E186-4726-952A-C1A97D8377F6}"
EndProject
Global
	GlobalSection(SolutionConfigurationPlatforms) = preSolution
		Debug|Any CPU = Debug|Any CPU
		Debug|x64 = Debug|x64
		Release|Any CPU = Release|Any CPU
		Release|x64 = Release|x64
	EndGlobalSection
	GlobalSection(ProjectConfigurationPlatforms) = postSolution
		{81B48582-946A-4AAB-8BA8-79169582DFB7}.Debug|Any CPU.ActiveCfg = Debug|Any CPU
		{81B48582-946A-4AAB-8BA8-79169582DFB7}.Debug|Any CPU.Build.0 = Debug|Any CPU
		{81B48582-946A-4AAB-8BA8-79169582DFB7}.Debug|x64.ActiveCfg = Debug|x64
		{81B48582-946A-4AAB-8BA8-79169582DFB7}.Debug|x64.Build.0 = Debug|x64
		{81B48582-946A-4AAB-8BA8-79169582DFB7}.Release|Any CPU.ActiveCfg = Release|Any CPU
		{81B48582-946A-4AAB-8BA8-79169582DFB7}.Release|Any CPU.Build.0 = Release|Any CPU
		{81B48582-946A-4AAB-8BA8-79169582DFB7}.Release|x64.ActiveCfg = Release|x64
		{81B48582-946A-4AAB-8BA8-79169582DFB7}.Release|x64.Build.0 = Release|x64
		{4EC717B0-4AC6-4FE3-AC80-F9406FE76CDB}.Debug|Any CPU.ActiveCfg = Debug|Any CPU
		{4EC717B0-4AC6-4FE3-AC80-F9406FE76CDB}.Debug|Any CPU.Build.0 = Debug|Any CPU
		{4EC717B0-4AC6-4FE3-AC80-F9406FE76CDB}.Debug|x64.ActiveCfg = Debug|x64
		{4EC717B0-4AC6-4FE3-AC80-F9406FE76CDB}.Debug|x64.Build.0 = Debug|x64
		{4EC717B0-4AC6-4FE3-AC80-F9406FE76CDB}.Release|Any CPU.ActiveCfg = Release|Any CPU
		{4EC717B0-4AC6-4FE3-AC80-F9406FE76CDB}.Release|Any CPU.Build.0 = Release|Any CPU
		{4EC717B0-4AC6-4FE3-AC80-F9406FE76CDB}.Release|x64.ActiveCfg = Release|x64
		{4EC717B0-4AC6-4FE3-AC80-F9406FE76CDB}.Release|x64.Build.0 = Release|x64
		{DF4732B4-196C-46BF-9883-5D96818F8429}.Debug|Any CPU.ActiveCfg = Debug|Any CPU
		{DF4732B4-196C-46BF-9883-5D96818F8429}.Debug|Any CPU.Build.0 = Debug|Any CPU
		{DF4732B4-196C-46BF-9883-5D96818F8429}.Debug|x64.ActiveCfg = Debug|x64
		{DF4732B4-196C-46BF-9883-5D96818F8429}.Debug|x64.Build.0 = Debug|x64
		{DF4732B4-196C-46BF-9883-5D96818F8429}.Release|Any CPU.ActiveCfg = Release|Any CPU
		{DF4732B4-196C-46BF-9883-5D96818F8429}.Release|Any CPU.Build.0 = Release|Any CPU
		{DF4732B4-196C-46BF-9883-5D96818F8429}.Release|x64.ActiveCfg = Release|x64
		{DF4732B4-196C-46BF-9883-5D96818F8429}.Release|x64.Build.0 = Release|x64
		{11AB700F-FFC9-4514-871C-9E2C3632DAE1}.Debug|Any CPU.ActiveCfg = Debug|Any CPU
		{11AB700F-FFC9-4514-871C-9E2C3632DAE1}.Debug|Any CPU.Build.0 = Debug|Any CPU
		{11AB700F-FFC9-4514-871C-9E2C3632DAE1}.Debug|x64.ActiveCfg = Debug|x64
		{11AB700F-FFC9-4514-871C-9E2C3632DAE1}.Debug|x64.Build.0 = Debug|x64
		{11AB700F-FFC9-4514-871C-9E2C3632DAE1}.Release|Any CPU.ActiveCfg = Release|Any CPU
		{11AB700F-FFC9-4514-871C-9E2C3632DAE1}.Release|Any CPU.Build.0 = Release|Any CPU
		{11AB700F-FFC9-4514-871C-9E2C3632DAE1}.Release|x64.ActiveCfg = Release|x64
		{11AB700F-FFC9-4514-871C-9E2C3632DAE1}.Release|x64.Build.0 = Release|x64
		{5D536EB5-A7FA-4258-92DC-0EE7BF4D62CB}.Debug|Any CPU.ActiveCfg = Debug|Any CPU
		{5D536EB5-A7FA-4258-92DC-0EE7BF4D62CB}.Debug|Any CPU.Build.0 = Debug|Any CPU
		{5D536EB5-A7FA-4258-92DC-0EE7BF4D62CB}.Debug|x64.ActiveCfg = Debug|x64
		{5D536EB5-A7FA-4258-92DC-0EE7BF4D62CB}.Debug|x64.Build.0 = Debug|x64
		{5D536EB5-A7FA-4258-92DC-0EE7BF4D62CB}.Release|Any CPU.ActiveCfg = Release|Any CPU
		{5D536EB5-A7FA-4258-92DC-0EE7BF4D62CB}.Release|Any CPU.Build.0 = Release|Any CPU
		{5D536EB5-A7FA-4258-92DC-0EE7BF4D62CB}.Release|x64.ActiveCfg = Release|x64
		{5D536EB5-A7FA-4258-92DC-0EE7BF4D62CB}.Release|x64.Build.0 = Release|x64
		{A1CD5F0F-3E94-4ED7-82B1-445CA7C3B893}.Debug|Any CPU.ActiveCfg = Debug|Any CPU
		{A1CD5F0F-3E94-4ED7-82B1-445CA7C3B893}.Debug|Any CPU.Build.0 = Debug|Any CPU
		{A1CD5F0F-3E94-4ED7-82B1-445CA7C3B893}.Debug|Any CPU.Deploy.0 = Debug|Any CPU
		{A1CD5F0F-3E94-4ED7-82B1-445CA7C3B893}.Debug|x64.ActiveCfg = Debug|x64
		{A1CD5F0F-3E94-4ED7-82B1-445CA7C3B893}.Debug|x64.Build.0 = Debug|x64
		{A1CD5F0F-3E94-4ED7-82B1-445CA7C3B893}.Debug|x64.Deploy.0 = Debug|x64
		{A1CD5F0F-3E94-4ED7-82B1-445CA7C3B893}.Release|Any CPU.ActiveCfg = Release|Any CPU
		{A1CD5F0F-3E94-4ED7-82B1-445CA7C3B893}.Release|Any CPU.Build.0 = Release|Any CPU
		{A1CD5F0F-3E94-4ED7-82B1-445CA7C3B893}.Release|x64.ActiveCfg = Release|x64
		{A1CD5F0F-3E94-4ED7-82B1-445CA7C3B893}.Release|x64.Build.0 = Release|x64
		{A1CD5F0F-3E94-4ED7-82B1-445CA7C3B893}.Release|x64.Deploy.0 = Release|x64
		{927FAA1A-EC1A-4296-B3FE-70EDD9CFC798}.Debug|Any CPU.ActiveCfg = Debug|Any CPU
		{927FAA1A-EC1A-4296-B3FE-70EDD9CFC798}.Debug|Any CPU.Build.0 = Debug|Any CPU
		{927FAA1A-EC1A-4296-B3FE-70EDD9CFC798}.Debug|x64.ActiveCfg = Debug|x64
		{927FAA1A-EC1A-4296-B3FE-70EDD9CFC798}.Debug|x64.Build.0 = Debug|x64
		{927FAA1A-EC1A-4296-B3FE-70EDD9CFC798}.Release|Any CPU.ActiveCfg = Release|Any CPU
		{927FAA1A-EC1A-4296-B3FE-70EDD9CFC798}.Release|Any CPU.Build.0 = Release|Any CPU
		{927FAA1A-EC1A-4296-B3FE-70EDD9CFC798}.Release|x64.ActiveCfg = Release|x64
		{927FAA1A-EC1A-4296-B3FE-70EDD9CFC798}.Release|x64.Build.0 = Release|x64
		{15E26DE2-8B26-4F2D-AD16-DF92F3280A8C}.Debug|Any CPU.ActiveCfg = Debug|Any CPU
		{15E26DE2-8B26-4F2D-AD16-DF92F3280A8C}.Debug|Any CPU.Build.0 = Debug|Any CPU
		{15E26DE2-8B26-4F2D-AD16-DF92F3280A8C}.Debug|x64.ActiveCfg = Debug|x64
		{15E26DE2-8B26-4F2D-AD16-DF92F3280A8C}.Debug|x64.Build.0 = Debug|x64
		{15E26DE2-8B26-4F2D-AD16-DF92F3280A8C}.Release|Any CPU.ActiveCfg = Release|Any CPU
		{15E26DE2-8B26-4F2D-AD16-DF92F3280A8C}.Release|Any CPU.Build.0 = Release|Any CPU
		{15E26DE2-8B26-4F2D-AD16-DF92F3280A8C}.Release|x64.ActiveCfg = Release|x64
		{15E26DE2-8B26-4F2D-AD16-DF92F3280A8C}.Release|x64.Build.0 = Release|x64
		{77E2DE74-B298-4927-8E48-4F0182ECE8EE}.Debug|Any CPU.ActiveCfg = Debug|Any CPU
		{77E2DE74-B298-4927-8E48-4F0182ECE8EE}.Debug|Any CPU.Build.0 = Debug|Any CPU
		{77E2DE74-B298-4927-8E48-4F0182ECE8EE}.Debug|x64.ActiveCfg = Debug|x64
		{77E2DE74-B298-4927-8E48-4F0182ECE8EE}.Debug|x64.Build.0 = Debug|x64
		{77E2DE74-B298-4927-8E48-4F0182ECE8EE}.Release|Any CPU.ActiveCfg = Release|Any CPU
		{77E2DE74-B298-4927-8E48-4F0182ECE8EE}.Release|Any CPU.Build.0 = Release|Any CPU
		{77E2DE74-B298-4927-8E48-4F0182ECE8EE}.Release|x64.ActiveCfg = Release|x64
		{77E2DE74-B298-4927-8E48-4F0182ECE8EE}.Release|x64.Build.0 = Release|x64
		{2F8FEF6A-45BF-402D-852B-C1B957E90DFE}.Debug|Any CPU.ActiveCfg = Debug|Any CPU
		{2F8FEF6A-45BF-402D-852B-C1B957E90DFE}.Debug|Any CPU.Build.0 = Debug|Any CPU
		{2F8FEF6A-45BF-402D-852B-C1B957E90DFE}.Debug|x64.ActiveCfg = Debug|Any CPU
		{2F8FEF6A-45BF-402D-852B-C1B957E90DFE}.Debug|x64.Build.0 = Debug|Any CPU
		{2F8FEF6A-45BF-402D-852B-C1B957E90DFE}.Release|Any CPU.ActiveCfg = Release|Any CPU
		{2F8FEF6A-45BF-402D-852B-C1B957E90DFE}.Release|Any CPU.Build.0 = Release|Any CPU
		{2F8FEF6A-45BF-402D-852B-C1B957E90DFE}.Release|x64.ActiveCfg = Release|Any CPU
		{2F8FEF6A-45BF-402D-852B-C1B957E90DFE}.Release|x64.Build.0 = Release|Any CPU
		{AA56B185-E6F8-4A03-9C7F-C528C4D125BC}.Debug|Any CPU.ActiveCfg = Debug|Any CPU
		{AA56B185-E6F8-4A03-9C7F-C528C4D125BC}.Debug|Any CPU.Build.0 = Debug|Any CPU
		{AA56B185-E6F8-4A03-9C7F-C528C4D125BC}.Debug|x64.ActiveCfg = Debug|Any CPU
		{AA56B185-E6F8-4A03-9C7F-C528C4D125BC}.Debug|x64.Build.0 = Debug|Any CPU
		{AA56B185-E6F8-4A03-9C7F-C528C4D125BC}.Release|Any CPU.ActiveCfg = Release|Any CPU
		{AA56B185-E6F8-4A03-9C7F-C528C4D125BC}.Release|Any CPU.Build.0 = Release|Any CPU
		{AA56B185-E6F8-4A03-9C7F-C528C4D125BC}.Release|x64.ActiveCfg = Release|Any CPU
		{AA56B185-E6F8-4A03-9C7F-C528C4D125BC}.Release|x64.Build.0 = Release|Any CPU
		{9B34C5E4-2801-4562-8ABA-D6696286C4D7}.Debug|Any CPU.ActiveCfg = Debug|Any CPU
		{9B34C5E4-2801-4562-8ABA-D6696286C4D7}.Debug|Any CPU.Build.0 = Debug|Any CPU
		{9B34C5E4-2801-4562-8ABA-D6696286C4D7}.Debug|x64.ActiveCfg = Debug|Any CPU
		{9B34C5E4-2801-4562-8ABA-D6696286C4D7}.Debug|x64.Build.0 = Debug|Any CPU
		{9B34C5E4-2801-4562-8ABA-D6696286C4D7}.Release|Any CPU.ActiveCfg = Release|Any CPU
		{9B34C5E4-2801-4562-8ABA-D6696286C4D7}.Release|Any CPU.Build.0 = Release|Any CPU
		{9B34C5E4-2801-4562-8ABA-D6696286C4D7}.Release|x64.ActiveCfg = Release|Any CPU
		{9B34C5E4-2801-4562-8ABA-D6696286C4D7}.Release|x64.Build.0 = Release|Any CPU
		{8519527B-E186-4726-952A-C1A97D8377F6}.Debug|Any CPU.ActiveCfg = Debug|Any CPU
		{8519527B-E186-4726-952A-C1A97D8377F6}.Debug|Any CPU.Build.0 = Debug|Any CPU
		{8519527B-E186-4726-952A-C1A97D8377F6}.Debug|x64.ActiveCfg = Debug|Any CPU
		{8519527B-E186-4726-952A-C1A97D8377F6}.Debug|x64.Build.0 = Debug|Any CPU
		{8519527B-E186-4726-952A-C1A97D8377F6}.Release|Any CPU.ActiveCfg = Release|Any CPU
		{8519527B-E186-4726-952A-C1A97D8377F6}.Release|Any CPU.Build.0 = Release|Any CPU
		{8519527B-E186-4726-952A-C1A97D8377F6}.Release|x64.ActiveCfg = Release|Any CPU
		{8519527B-E186-4726-952A-C1A97D8377F6}.Release|x64.Build.0 = Release|Any CPU
	EndGlobalSection
	GlobalSection(SolutionProperties) = preSolution
		HideSolutionNode = FALSE
	EndGlobalSection
	GlobalSection(ExtensibilityGlobals) = postSolution
		SolutionGuid = {9DC03543-907B-409B-A3DF-F5531E7A464D}
	EndGlobalSection
EndGlobal
