
Microsoft Visual Studio Solution File, Format Version 12.00
# Visual Studio Version 17
VisualStudioVersion = 17.8.34330.188
MinimumVisualStudioVersion = 10.0.40219.1
Project("{9A19103F-16F7-4668-BE54-9A1E7A4F7556}") = "Hexa.NET.Kitty", "Kitty\Hexa.NET.Kitty.csproj", "{81B48582-946A-4AAB-8BA8-79169582DFB7}"
EndProject
Project("{9A19103F-16F7-4668-BE54-9A1E7A4F7556}") = "TestApp", "TestApp\TestApp.csproj", "{DB59C064-7A85-4109-8DB4-2EAC9F60CB06}"
EndProject
Project("{9A19103F-16F7-4668-BE54-9A1E7A4F7556}") = "Testing", "Testing\Testing.csproj", "{4EC717B0-4AC6-4FE3-AC80-F9406FE76CDB}"
EndProject
Project("{9A19103F-16F7-4668-BE54-9A1E7A4F7556}") = "Hexa.NET.Kitty.Security", "Hexa.NET.Kitty.Security\Hexa.NET.Kitty.Security.csproj", "{DF4732B4-196C-46BF-9883-5D96818F8429}"
EndProject
Project("{FAE04EC0-301F-11D3-BF4B-00C04F79EFBC}") = "ExampleMinimal", "ExampleMinimal\ExampleMinimal.csproj", "{11AB700F-FFC9-4514-871C-9E2C3632DAE1}"
EndProject
Global
	GlobalSection(SolutionConfigurationPlatforms) = preSolution
		Debug|Any CPU = Debug|Any CPU
		Release|Any CPU = Release|Any CPU
	EndGlobalSection
	GlobalSection(ProjectConfigurationPlatforms) = postSolution
		{81B48582-946A-4AAB-8BA8-79169582DFB7}.Debug|Any CPU.ActiveCfg = Debug|Any CPU
		{81B48582-946A-4AAB-8BA8-79169582DFB7}.Debug|Any CPU.Build.0 = Debug|Any CPU
		{81B48582-946A-4AAB-8BA8-79169582DFB7}.Release|Any CPU.ActiveCfg = Release|Any CPU
		{81B48582-946A-4AAB-8BA8-79169582DFB7}.Release|Any CPU.Build.0 = Release|Any CPU
		{DB59C064-7A85-4109-8DB4-2EAC9F60CB06}.Debug|Any CPU.ActiveCfg = Debug|Any CPU
		{DB59C064-7A85-4109-8DB4-2EAC9F60CB06}.Debug|Any CPU.Build.0 = Debug|Any CPU
		{DB59C064-7A85-4109-8DB4-2EAC9F60CB06}.Release|Any CPU.ActiveCfg = Release|Any CPU
		{DB59C064-7A85-4109-8DB4-2EAC9F60CB06}.Release|Any CPU.Build.0 = Release|Any CPU
		{4EC717B0-4AC6-4FE3-AC80-F9406FE76CDB}.Debug|Any CPU.ActiveCfg = Debug|Any CPU
		{4EC717B0-4AC6-4FE3-AC80-F9406FE76CDB}.Debug|Any CPU.Build.0 = Debug|Any CPU
		{4EC717B0-4AC6-4FE3-AC80-F9406FE76CDB}.Release|Any CPU.ActiveCfg = Release|Any CPU
		{4EC717B0-4AC6-4FE3-AC80-F9406FE76CDB}.Release|Any CPU.Build.0 = Release|Any CPU
		{DF4732B4-196C-46BF-9883-5D96818F8429}.Debug|Any CPU.ActiveCfg = Debug|Any CPU
		{DF4732B4-196C-46BF-9883-5D96818F8429}.Debug|Any CPU.Build.0 = Debug|Any CPU
		{DF4732B4-196C-46BF-9883-5D96818F8429}.Release|Any CPU.ActiveCfg = Release|Any CPU
		{DF4732B4-196C-46BF-9883-5D96818F8429}.Release|Any CPU.Build.0 = Release|Any CPU
		{11AB700F-FFC9-4514-871C-9E2C3632DAE1}.Debug|Any CPU.ActiveCfg = Debug|Any CPU
		{11AB700F-FFC9-4514-871C-9E2C3632DAE1}.Debug|Any CPU.Build.0 = Debug|Any CPU
		{11AB700F-FFC9-4514-871C-9E2C3632DAE1}.Release|Any CPU.ActiveCfg = Release|Any CPU
		{11AB700F-FFC9-4514-871C-9E2C3632DAE1}.Release|Any CPU.Build.0 = Release|Any CPU
	EndGlobalSection
	GlobalSection(SolutionProperties) = preSolution
		HideSolutionNode = FALSE
	EndGlobalSection
	GlobalSection(ExtensibilityGlobals) = postSolution
		SolutionGuid = {9DC03543-907B-409B-A3DF-F5531E7A464D}
	EndGlobalSection
EndGlobal
